
Microsoft Visual Studio Solution File, Format Version 12.00
# Visual Studio 14
VisualStudioVersion = 14.0.25420.1
MinimumVisualStudioVersion = 10.0.40219.1
Project("{FAE04EC0-301F-11D3-BF4B-00C04F79EFBC}") = "CL.Model", "CL.Model\CL.Model.csproj", "{98C38AB5-4E51-421A-91BB-B88FFC5F3041}"
EndProject
Project("{FAE04EC0-301F-11D3-BF4B-00C04F79EFBC}") = "CL.BLL", "CL.BLL\CL.BLL.csproj", "{F1512004-718E-4B34-9E54-6150ABE8B20A}"
EndProject
Project("{FAE04EC0-301F-11D3-BF4B-00C04F79EFBC}") = "CL.Common", "CL.Common\CL.Common.csproj", "{5A9CCBB7-CDCE-444A-B9C6-91969F52BAC8}"
EndProject
Project("{FAE04EC0-301F-11D3-BF4B-00C04F79EFBC}") = "CL.Test", "CL.Test\CL.Test.csproj", "{D6FBE89F-281B-4EB0-8E82-D025C1E43FE1}"
EndProject
Project("{FAE04EC0-301F-11D3-BF4B-00C04F79EFBC}") = "CL.UI.WPF", "CL.UI.WPF\CL.UI.WPF.csproj", "{89A46DB4-813B-4F4C-8905-31857F78C764}"
EndProject
Project("{FAE04EC0-301F-11D3-BF4B-00C04F79EFBC}") = "CL.FileManager.Win", "CL.FileManager.Win\CL.FileManager.Win.csproj", "{88CCFA67-0421-4660-9A94-53D949187AC1}"
EndProject
Project("{2150E333-8FDC-42A3-9474-1A3956D46DE8}") = "DLL", "DLL", "{5598C593-E90D-4CB8-9D22-C0D5503B7F7A}"
	ProjectSection(SolutionItems) = preProject
		DLL\COM.Excel.dll = DLL\COM.Excel.dll
		DLL\cscui.dll = DLL\cscui.dll
		DLL\CSkin.dll = DLL\CSkin.dll
		DLL\CSkin.XML = DLL\CSkin.XML
		DLL\DotNetProjects.Layout.Toolkit.dll = DLL\DotNetProjects.Layout.Toolkit.dll
		DLL\ELinq.dll = DLL\ELinq.dll
		DLL\ICSharpCode.SharpZipLib.dll = DLL\ICSharpCode.SharpZipLib.dll
		DLL\log4net.dll = DLL\log4net.dll
		DLL\Newtonsoft.Json.dll = DLL\Newtonsoft.Json.dll
		DLL\Newtonsoft.Json.xml = DLL\Newtonsoft.Json.xml
		DLL\NLite.dll = DLL\NLite.dll
		DLL\NPOI.dll = DLL\NPOI.dll
		DLL\NPOI.OOXML.dll = DLL\NPOI.OOXML.dll
		DLL\NPOI.OpenXml4Net.dll = DLL\NPOI.OpenXml4Net.dll
		DLL\NPOI.OpenXmlFormats.dll = DLL\NPOI.OpenXmlFormats.dll
		DLL\System.Data.SQLite.dll = DLL\System.Data.SQLite.dll
		DLL\System.Windows.Controls.Layout.Toolkit.XML = DLL\System.Windows.Controls.Layout.Toolkit.XML
		DLL\Zen.Barcode.Core.dll = DLL\Zen.Barcode.Core.dll
	EndProjectSection
EndProject
Global
	GlobalSection(SolutionConfigurationPlatforms) = preSolution
		Debug|Any CPU = Debug|Any CPU
		Debug|Mixed Platforms = Debug|Mixed Platforms
		Debug|x86 = Debug|x86
		Release|Any CPU = Release|Any CPU
		Release|Mixed Platforms = Release|Mixed Platforms
		Release|x86 = Release|x86
	EndGlobalSection
	GlobalSection(ProjectConfigurationPlatforms) = postSolution
		{98C38AB5-4E51-421A-91BB-B88FFC5F3041}.Debug|Any CPU.ActiveCfg = Debug|Any CPU
		{98C38AB5-4E51-421A-91BB-B88FFC5F3041}.Debug|Any CPU.Build.0 = Debug|Any CPU
		{98C38AB5-4E51-421A-91BB-B88FFC5F3041}.Debug|Mixed Platforms.ActiveCfg = Debug|Any CPU
		{98C38AB5-4E51-421A-91BB-B88FFC5F3041}.Debug|Mixed Platforms.Build.0 = Debug|Any CPU
		{98C38AB5-4E51-421A-91BB-B88FFC5F3041}.Debug|x86.ActiveCfg = Debug|Any CPU
		{98C38AB5-4E51-421A-91BB-B88FFC5F3041}.Release|Any CPU.ActiveCfg = Release|Any CPU
		{98C38AB5-4E51-421A-91BB-B88FFC5F3041}.Release|Any CPU.Build.0 = Release|Any CPU
		{98C38AB5-4E51-421A-91BB-B88FFC5F3041}.Release|Mixed Platforms.ActiveCfg = Release|Any CPU
		{98C38AB5-4E51-421A-91BB-B88FFC5F3041}.Release|Mixed Platforms.Build.0 = Release|Any CPU
		{98C38AB5-4E51-421A-91BB-B88FFC5F3041}.Release|x86.ActiveCfg = Release|Any CPU
		{F1512004-718E-4B34-9E54-6150ABE8B20A}.Debug|Any CPU.ActiveCfg = Debug|Any CPU
		{F1512004-718E-4B34-9E54-6150ABE8B20A}.Debug|Any CPU.Build.0 = Debug|Any CPU
		{F1512004-718E-4B34-9E54-6150ABE8B20A}.Debug|Mixed Platforms.ActiveCfg = Debug|Any CPU
		{F1512004-718E-4B34-9E54-6150ABE8B20A}.Debug|Mixed Platforms.Build.0 = Debug|Any CPU
		{F1512004-718E-4B34-9E54-6150ABE8B20A}.Debug|x86.ActiveCfg = Debug|Any CPU
		{F1512004-718E-4B34-9E54-6150ABE8B20A}.Release|Any CPU.ActiveCfg = Release|Any CPU
		{F1512004-718E-4B34-9E54-6150ABE8B20A}.Release|Any CPU.Build.0 = Release|Any CPU
		{F1512004-718E-4B34-9E54-6150ABE8B20A}.Release|Mixed Platforms.ActiveCfg = Release|Any CPU
		{F1512004-718E-4B34-9E54-6150ABE8B20A}.Release|Mixed Platforms.Build.0 = Release|Any CPU
		{F1512004-718E-4B34-9E54-6150ABE8B20A}.Release|x86.ActiveCfg = Release|Any CPU
		{5A9CCBB7-CDCE-444A-B9C6-91969F52BAC8}.Debug|Any CPU.ActiveCfg = Debug|Any CPU
		{5A9CCBB7-CDCE-444A-B9C6-91969F52BAC8}.Debug|Any CPU.Build.0 = Debug|Any CPU
		{5A9CCBB7-CDCE-444A-B9C6-91969F52BAC8}.Debug|Mixed Platforms.ActiveCfg = Debug|Any CPU
		{5A9CCBB7-CDCE-444A-B9C6-91969F52BAC8}.Debug|Mixed Platforms.Build.0 = Debug|Any CPU
		{5A9CCBB7-CDCE-444A-B9C6-91969F52BAC8}.Debug|x86.ActiveCfg = Debug|Any CPU
		{5A9CCBB7-CDCE-444A-B9C6-91969F52BAC8}.Release|Any CPU.ActiveCfg = Release|Any CPU
		{5A9CCBB7-CDCE-444A-B9C6-91969F52BAC8}.Release|Any CPU.Build.0 = Release|Any CPU
		{5A9CCBB7-CDCE-444A-B9C6-91969F52BAC8}.Release|Mixed Platforms.ActiveCfg = Release|Any CPU
		{5A9CCBB7-CDCE-444A-B9C6-91969F52BAC8}.Release|Mixed Platforms.Build.0 = Release|Any CPU
		{5A9CCBB7-CDCE-444A-B9C6-91969F52BAC8}.Release|x86.ActiveCfg = Release|Any CPU
		{D6FBE89F-281B-4EB0-8E82-D025C1E43FE1}.Debug|Any CPU.ActiveCfg = Debug|Any CPU
		{D6FBE89F-281B-4EB0-8E82-D025C1E43FE1}.Debug|Any CPU.Build.0 = Debug|Any CPU
		{D6FBE89F-281B-4EB0-8E82-D025C1E43FE1}.Debug|Mixed Platforms.ActiveCfg = Debug|Any CPU
		{D6FBE89F-281B-4EB0-8E82-D025C1E43FE1}.Debug|Mixed Platforms.Build.0 = Debug|Any CPU
		{D6FBE89F-281B-4EB0-8E82-D025C1E43FE1}.Debug|x86.ActiveCfg = Debug|Any CPU
		{D6FBE89F-281B-4EB0-8E82-D025C1E43FE1}.Debug|x86.Build.0 = Debug|Any CPU
		{D6FBE89F-281B-4EB0-8E82-D025C1E43FE1}.Release|Any CPU.ActiveCfg = Release|Any CPU
		{D6FBE89F-281B-4EB0-8E82-D025C1E43FE1}.Release|Any CPU.Build.0 = Release|Any CPU
		{D6FBE89F-281B-4EB0-8E82-D025C1E43FE1}.Release|Mixed Platforms.ActiveCfg = Release|Any CPU
		{D6FBE89F-281B-4EB0-8E82-D025C1E43FE1}.Release|Mixed Platforms.Build.0 = Release|Any CPU
		{D6FBE89F-281B-4EB0-8E82-D025C1E43FE1}.Release|x86.ActiveCfg = Release|Any CPU
		{D6FBE89F-281B-4EB0-8E82-D025C1E43FE1}.Release|x86.Build.0 = Release|Any CPU
		{89A46DB4-813B-4F4C-8905-31857F78C764}.Debug|Any CPU.ActiveCfg = Debug|Any CPU
		{89A46DB4-813B-4F4C-8905-31857F78C764}.Debug|Any CPU.Build.0 = Debug|Any CPU
		{89A46DB4-813B-4F4C-8905-31857F78C764}.Debug|Mixed Platforms.ActiveCfg = Debug|Any CPU
		{89A46DB4-813B-4F4C-8905-31857F78C764}.Debug|Mixed Platforms.Build.0 = Debug|Any CPU
		{89A46DB4-813B-4F4C-8905-31857F78C764}.Debug|x86.ActiveCfg = Debug|Any CPU
		{89A46DB4-813B-4F4C-8905-31857F78C764}.Debug|x86.Build.0 = Debug|Any CPU
		{89A46DB4-813B-4F4C-8905-31857F78C764}.Release|Any CPU.ActiveCfg = Release|Any CPU
		{89A46DB4-813B-4F4C-8905-31857F78C764}.Release|Any CPU.Build.0 = Release|Any CPU
		{89A46DB4-813B-4F4C-8905-31857F78C764}.Release|Mixed Platforms.ActiveCfg = Release|Any CPU
		{89A46DB4-813B-4F4C-8905-31857F78C764}.Release|Mixed Platforms.Build.0 = Release|Any CPU
		{89A46DB4-813B-4F4C-8905-31857F78C764}.Release|x86.ActiveCfg = Release|Any CPU
		{89A46DB4-813B-4F4C-8905-31857F78C764}.Release|x86.Build.0 = Release|Any CPU
		{88CCFA67-0421-4660-9A94-53D949187AC1}.Debug|Any CPU.ActiveCfg = Debug|Any CPU
		{88CCFA67-0421-4660-9A94-53D949187AC1}.Debug|Any CPU.Build.0 = Debug|Any CPU
		{88CCFA67-0421-4660-9A94-53D949187AC1}.Debug|Mixed Platforms.ActiveCfg = Debug|Any CPU
		{88CCFA67-0421-4660-9A94-53D949187AC1}.Debug|Mixed Platforms.Build.0 = Debug|Any CPU
		{88CCFA67-0421-4660-9A94-53D949187AC1}.Debug|x86.ActiveCfg = Debug|Any CPU
		{88CCFA67-0421-4660-9A94-53D949187AC1}.Debug|x86.Build.0 = Debug|Any CPU
		{88CCFA67-0421-4660-9A94-53D949187AC1}.Release|Any CPU.ActiveCfg = Release|Any CPU
		{88CCFA67-0421-4660-9A94-53D949187AC1}.Release|Any CPU.Build.0 = Release|Any CPU
		{88CCFA67-0421-4660-9A94-53D949187AC1}.Release|Mixed Platforms.ActiveCfg = Release|Any CPU
		{88CCFA67-0421-4660-9A94-53D949187AC1}.Release|Mixed Platforms.Build.0 = Release|Any CPU
		{88CCFA67-0421-4660-9A94-53D949187AC1}.Release|x86.ActiveCfg = Release|Any CPU
		{88CCFA67-0421-4660-9A94-53D949187AC1}.Release|x86.Build.0 = Release|Any CPU
	EndGlobalSection
	GlobalSection(SolutionProperties) = preSolution
		HideSolutionNode = FALSE
	EndGlobalSection
EndGlobal
